
Microsoft Visual Studio Solution File, Format Version 12.00
# Visual Studio 14
VisualStudioVersion = 14.0.25123.0
MinimumVisualStudioVersion = 10.0.40219.1
Project("{FAE04EC0-301F-11D3-BF4B-00C04F79EFBC}") = "AllergyRecProtoype", "AllergyRecProtoype\AllergyRecProtoype.csproj", "{9818C754-C8DB-48EC-B58E-E3B256834180}"
EndProject
Project("{FAE04EC0-301F-11D3-BF4B-00C04F79EFBC}") = "WpfControls.CS", "..\wpfautocomplete\WpfControls.CS\WpfControls.CS.csproj", "{BB2ABB74-BA58-4812-83AA-EC8171F42DF4}"
EndProject
Project("{FAE04EC0-301F-11D3-BF4B-00C04F79EFBC}") = "MultiSelectComboBox", "..\MultiSelectComboBox Demo(MVVM)\MultiSelectComboBox\MultiSelectComboBox.csproj", "{CE17A54E-0661-429F-AFDC-272E8668B14E}"
EndProject
Global
	GlobalSection(SolutionConfigurationPlatforms) = preSolution
		Debug|Any CPU = Debug|Any CPU
		Release|Any CPU = Release|Any CPU
	EndGlobalSection
	GlobalSection(ProjectConfigurationPlatforms) = postSolution
		{9818C754-C8DB-48EC-B58E-E3B256834180}.Debug|Any CPU.ActiveCfg = Debug|Any CPU
		{9818C754-C8DB-48EC-B58E-E3B256834180}.Debug|Any CPU.Build.0 = Debug|Any CPU
		{9818C754-C8DB-48EC-B58E-E3B256834180}.Release|Any CPU.ActiveCfg = Release|Any CPU
		{9818C754-C8DB-48EC-B58E-E3B256834180}.Release|Any CPU.Build.0 = Release|Any CPU
		{BB2ABB74-BA58-4812-83AA-EC8171F42DF4}.Debug|Any CPU.ActiveCfg = Debug|Any CPU
		{BB2ABB74-BA58-4812-83AA-EC8171F42DF4}.Debug|Any CPU.Build.0 = Debug|Any CPU
		{BB2ABB74-BA58-4812-83AA-EC8171F42DF4}.Release|Any CPU.ActiveCfg = Release|Any CPU
		{BB2ABB74-BA58-4812-83AA-EC8171F42DF4}.Release|Any CPU.Build.0 = Release|Any CPU
		{CE17A54E-0661-429F-AFDC-272E8668B14E}.Debug|Any CPU.ActiveCfg = Debug|Any CPU
		{CE17A54E-0661-429F-AFDC-272E8668B14E}.Debug|Any CPU.Build.0 = Debug|Any CPU
		{CE17A54E-0661-429F-AFDC-272E8668B14E}.Release|Any CPU.ActiveCfg = Release|Any CPU
		{CE17A54E-0661-429F-AFDC-272E8668B14E}.Release|Any CPU.Build.0 = Release|Any CPU
	EndGlobalSection
	GlobalSection(SolutionProperties) = preSolution
		HideSolutionNode = FALSE
	EndGlobalSection
EndGlobal
